// !$*UTF8*$!
{
	archiveVersion = 1;
	classes = {
	};
	objectVersion = 48;
	objects = {

/* Begin PBXBuildFile section */
		5C04D5F21FE7E66A00644526 /* icon_cancel@2x.png in Resources */ = {isa = PBXBuildFile; fileRef = 5C04D5EF1FE7E66800644526 /* icon_cancel@2x.png */; };
		5C04D5F31FE7E66A00644526 /* icon_cancel@2x.png in Resources */ = {isa = PBXBuildFile; fileRef = 5C04D5EF1FE7E66800644526 /* icon_cancel@2x.png */; };
		5C04D5F41FE7E66A00644526 /* icon_cancel.png in Resources */ = {isa = PBXBuildFile; fileRef = 5C04D5F01FE7E66900644526 /* icon_cancel.png */; };
		5C04D5F51FE7E66A00644526 /* icon_cancel.png in Resources */ = {isa = PBXBuildFile; fileRef = 5C04D5F01FE7E66900644526 /* icon_cancel.png */; };
		5C04D5F61FE7E66A00644526 /* icon_cancel@3x.png in Resources */ = {isa = PBXBuildFile; fileRef = 5C04D5F11FE7E66900644526 /* icon_cancel@3x.png */; };
		5C04D5F71FE7E66A00644526 /* icon_cancel@3x.png in Resources */ = {isa = PBXBuildFile; fileRef = 5C04D5F11FE7E66900644526 /* icon_cancel@3x.png */; };
		5C4B47821FE3B51A0066776C /* DXConversationManager.m in Sources */ = {isa = PBXBuildFile; fileRef = 5C4B475A1FE3B5190066776C /* DXConversationManager.m */; };
		5C4B47831FE3B51A0066776C /* DXConversationManager.m in Sources */ = {isa = PBXBuildFile; fileRef = 5C4B475A1FE3B5190066776C /* DXConversationManager.m */; };
		5C4B47841FE3B51A0066776C /* DXImageManager.m in Sources */ = {isa = PBXBuildFile; fileRef = 5C4B475C1FE3B5190066776C /* DXImageManager.m */; };
		5C4B47851FE3B51A0066776C /* DXImageManager.m in Sources */ = {isa = PBXBuildFile; fileRef = 5C4B475C1FE3B5190066776C /* DXImageManager.m */; };
		5C4B47861FE3B51A0066776C /* DXConversationModel.m in Sources */ = {isa = PBXBuildFile; fileRef = 5C4B47611FE3B51A0066776C /* DXConversationModel.m */; };
		5C4B47871FE3B51A0066776C /* DXConversationModel.m in Sources */ = {isa = PBXBuildFile; fileRef = 5C4B47611FE3B51A0066776C /* DXConversationModel.m */; };
		5C4B47881FE3B51A0066776C /* DXContactModel.m in Sources */ = {isa = PBXBuildFile; fileRef = 5C4B47621FE3B51A0066776C /* DXContactModel.m */; };
		5C4B47891FE3B51A0066776C /* DXContactModel.m in Sources */ = {isa = PBXBuildFile; fileRef = 5C4B47621FE3B51A0066776C /* DXContactModel.m */; };
		5C4B478A1FE3B51A0066776C /* icon_friend@3x.png in Resources */ = {isa = PBXBuildFile; fileRef = 5C4B47641FE3B51A0066776C /* icon_friend@3x.png */; };
		5C4B478B1FE3B51A0066776C /* icon_friend@3x.png in Resources */ = {isa = PBXBuildFile; fileRef = 5C4B47641FE3B51A0066776C /* icon_friend@3x.png */; };
		5C4B478C1FE3B51A0066776C /* icon_friend.png in Resources */ = {isa = PBXBuildFile; fileRef = 5C4B47651FE3B51A0066776C /* icon_friend.png */; };
		5C4B478D1FE3B51A0066776C /* icon_friend.png in Resources */ = {isa = PBXBuildFile; fileRef = 5C4B47651FE3B51A0066776C /* icon_friend.png */; };
		5C4B478E1FE3B51A0066776C /* icon_friend@2x.png in Resources */ = {isa = PBXBuildFile; fileRef = 5C4B47661FE3B51A0066776C /* icon_friend@2x.png */; };
		5C4B478F1FE3B51A0066776C /* icon_friend@2x.png in Resources */ = {isa = PBXBuildFile; fileRef = 5C4B47661FE3B51A0066776C /* icon_friend@2x.png */; };
		5C4B47901FE3B51A0066776C /* DXShareNavigationController.m in Sources */ = {isa = PBXBuildFile; fileRef = 5C4B476B1FE3B51A0066776C /* DXShareNavigationController.m */; };
		5C4B47911FE3B51A0066776C /* DXShareNavigationController.m in Sources */ = {isa = PBXBuildFile; fileRef = 5C4B476B1FE3B51A0066776C /* DXShareNavigationController.m */; };
		5C4B47921FE3B51A0066776C /* DXPickFriendsViewController.m in Sources */ = {isa = PBXBuildFile; fileRef = 5C4B476D1FE3B51A0066776C /* DXPickFriendsViewController.m */; };
		5C4B47931FE3B51A0066776C /* DXPickFriendsViewController.m in Sources */ = {isa = PBXBuildFile; fileRef = 5C4B476D1FE3B51A0066776C /* DXPickFriendsViewController.m */; };
		5C4B47941FE3B51A0066776C /* DXPickContactsViewController.m in Sources */ = {isa = PBXBuildFile; fileRef = 5C4B47701FE3B51A0066776C /* DXPickContactsViewController.m */; };
		5C4B47951FE3B51A0066776C /* DXPickContactsViewController.m in Sources */ = {isa = PBXBuildFile; fileRef = 5C4B47701FE3B51A0066776C /* DXPickContactsViewController.m */; };
		5C4B47961FE3B51A0066776C /* DXShowPickedViewController.m in Sources */ = {isa = PBXBuildFile; fileRef = 5C4B47721FE3B51A0066776C /* DXShowPickedViewController.m */; };
		5C4B47971FE3B51A0066776C /* DXShowPickedViewController.m in Sources */ = {isa = PBXBuildFile; fileRef = 5C4B47721FE3B51A0066776C /* DXShowPickedViewController.m */; };
		5C4B47981FE3B51A0066776C /* DXPickContactTableViewCell.m in Sources */ = {isa = PBXBuildFile; fileRef = 5C4B47761FE3B51A0066776C /* DXPickContactTableViewCell.m */; };
		5C4B47991FE3B51A0066776C /* DXPickContactTableViewCell.m in Sources */ = {isa = PBXBuildFile; fileRef = 5C4B47761FE3B51A0066776C /* DXPickContactTableViewCell.m */; };
		5C4B479A1FE3B51A0066776C /* DXShowPickedCollectionViewCell.xib in Resources */ = {isa = PBXBuildFile; fileRef = 5C4B47771FE3B51A0066776C /* DXShowPickedCollectionViewCell.xib */; };
		5C4B479B1FE3B51A0066776C /* DXShowPickedCollectionViewCell.xib in Resources */ = {isa = PBXBuildFile; fileRef = 5C4B47771FE3B51A0066776C /* DXShowPickedCollectionViewCell.xib */; };
		5C4B479C1FE3B51A0066776C /* DXShowPickedCollectionViewCell.m in Sources */ = {isa = PBXBuildFile; fileRef = 5C4B47781FE3B51A0066776C /* DXShowPickedCollectionViewCell.m */; };
		5C4B479D1FE3B51A0066776C /* DXShowPickedCollectionViewCell.m in Sources */ = {isa = PBXBuildFile; fileRef = 5C4B47781FE3B51A0066776C /* DXShowPickedCollectionViewCell.m */; };
		5C4B479E1FE3B51A0066776C /* DXResultSearchViewController.m in Sources */ = {isa = PBXBuildFile; fileRef = 5C4B477A1FE3B51A0066776C /* DXResultSearchViewController.m */; };
		5C4B479F1FE3B51A0066776C /* DXResultSearchViewController.m in Sources */ = {isa = PBXBuildFile; fileRef = 5C4B477A1FE3B51A0066776C /* DXResultSearchViewController.m */; };
		5C4B47AE1FE3BCBA0066776C /* ZLPickConversationViewController.m in Sources */ = {isa = PBXBuildFile; fileRef = 5C4B47A91FE3BCBA0066776C /* ZLPickConversationViewController.m */; };
		5C4B47AF1FE3BCBA0066776C /* ZLPickConversationViewController.m in Sources */ = {isa = PBXBuildFile; fileRef = 5C4B47A91FE3BCBA0066776C /* ZLPickConversationViewController.m */; };
		5C4B47B01FE3BCBA0066776C /* DXConversationSearchResultViewController.m in Sources */ = {isa = PBXBuildFile; fileRef = 5C4B47AA1FE3BCBA0066776C /* DXConversationSearchResultViewController.m */; };
		5C4B47B11FE3BCBA0066776C /* DXConversationSearchResultViewController.m in Sources */ = {isa = PBXBuildFile; fileRef = 5C4B47AA1FE3BCBA0066776C /* DXConversationSearchResultViewController.m */; };
		5C4B47B21FE3BCBA0066776C /* DXConversationTableViewCell.m in Sources */ = {isa = PBXBuildFile; fileRef = 5C4B47AC1FE3BCBA0066776C /* DXConversationTableViewCell.m */; };
		5C4B47B31FE3BCBA0066776C /* DXConversationTableViewCell.m in Sources */ = {isa = PBXBuildFile; fileRef = 5C4B47AC1FE3BCBA0066776C /* DXConversationTableViewCell.m */; };
		5C4B47B71FE3BDD70066776C /* ZLUpLoadingViewController.m in Sources */ = {isa = PBXBuildFile; fileRef = 5C4B47B61FE3BDD70066776C /* ZLUpLoadingViewController.m */; };
		5C4B47B81FE3BDD70066776C /* ZLUpLoadingViewController.m in Sources */ = {isa = PBXBuildFile; fileRef = 5C4B47B61FE3BDD70066776C /* ZLUpLoadingViewController.m */; };
		5C85E6331FE76B81001AFDA9 /* icon_clear@3x.png in Resources */ = {isa = PBXBuildFile; fileRef = 5C85E6301FE76B81001AFDA9 /* icon_clear@3x.png */; };
		5C85E6341FE76B81001AFDA9 /* icon_clear.png in Resources */ = {isa = PBXBuildFile; fileRef = 5C85E6311FE76B81001AFDA9 /* icon_clear.png */; };
		5C85E6351FE76B81001AFDA9 /* icon_clear@2x.png in Resources */ = {isa = PBXBuildFile; fileRef = 5C85E6321FE76B81001AFDA9 /* icon_clear@2x.png */; };
		5C85E63F1FE76BC1001AFDA9 /* icon_clear.png in Resources */ = {isa = PBXBuildFile; fileRef = 5C85E6311FE76B81001AFDA9 /* icon_clear.png */; };
		5C85E6401FE76BC1001AFDA9 /* icon_clear@2x.png in Resources */ = {isa = PBXBuildFile; fileRef = 5C85E6321FE76B81001AFDA9 /* icon_clear@2x.png */; };
		5C85E6411FE76BC1001AFDA9 /* icon_clear@3x.png in Resources */ = {isa = PBXBuildFile; fileRef = 5C85E6301FE76B81001AFDA9 /* icon_clear@3x.png */; };
		5C85E6451FE77723001AFDA9 /* icon_search@2x.png in Resources */ = {isa = PBXBuildFile; fileRef = 5C85E6421FE77723001AFDA9 /* icon_search@2x.png */; };
		5C85E6461FE77723001AFDA9 /* icon_search@2x.png in Resources */ = {isa = PBXBuildFile; fileRef = 5C85E6421FE77723001AFDA9 /* icon_search@2x.png */; };
		5C85E6471FE77723001AFDA9 /* icon_search@3x.png in Resources */ = {isa = PBXBuildFile; fileRef = 5C85E6431FE77723001AFDA9 /* icon_search@3x.png */; };
		5C85E6481FE77723001AFDA9 /* icon_search@3x.png in Resources */ = {isa = PBXBuildFile; fileRef = 5C85E6431FE77723001AFDA9 /* icon_search@3x.png */; };
		5C85E6491FE77723001AFDA9 /* icon_search.png in Resources */ = {isa = PBXBuildFile; fileRef = 5C85E6441FE77723001AFDA9 /* icon_search.png */; };
		5C85E64A1FE77723001AFDA9 /* icon_search.png in Resources */ = {isa = PBXBuildFile; fileRef = 5C85E6441FE77723001AFDA9 /* icon_search.png */; };
		5C85E64E1FE79EB2001AFDA9 /* EditPostViewController.m in Sources */ = {isa = PBXBuildFile; fileRef = 5C85E64D1FE79EB2001AFDA9 /* EditPostViewController.m */; };
		5C85E64F1FE79EB2001AFDA9 /* EditPostViewController.m in Sources */ = {isa = PBXBuildFile; fileRef = 5C85E64D1FE79EB2001AFDA9 /* EditPostViewController.m */; };
		5C8A70D31FE276100064BB0E /* AppDelegate.m in Sources */ = {isa = PBXBuildFile; fileRef = 5C8A70D21FE276100064BB0E /* AppDelegate.m */; };
		5C8A70DB1FE276100064BB0E /* Assets.xcassets in Resources */ = {isa = PBXBuildFile; fileRef = 5C8A70DA1FE276100064BB0E /* Assets.xcassets */; };
		5C8A70DE1FE276100064BB0E /* LaunchScreen.storyboard in Resources */ = {isa = PBXBuildFile; fileRef = 5C8A70DC1FE276100064BB0E /* LaunchScreen.storyboard */; };
		5C8A70E11FE276100064BB0E /* main.m in Sources */ = {isa = PBXBuildFile; fileRef = 5C8A70E01FE276100064BB0E /* main.m */; };
		5C8A70EB1FE276100064BB0E /* ZaloShareTests.m in Sources */ = {isa = PBXBuildFile; fileRef = 5C8A70EA1FE276100064BB0E /* ZaloShareTests.m */; };
		5C8A71991FE279630064BB0E /* ShareRootViewController.m in Sources */ = {isa = PBXBuildFile; fileRef = 5C8A71981FE279630064BB0E /* ShareRootViewController.m */; };
		5C8A719C1FE279630064BB0E /* MainInterface.storyboard in Resources */ = {isa = PBXBuildFile; fileRef = 5C8A719A1FE279630064BB0E /* MainInterface.storyboard */; };
		5C8A71A01FE279630064BB0E /* ShareExtension.appex in Embed App Extensions */ = {isa = PBXBuildFile; fileRef = 5C8A71951FE279630064BB0E /* ShareExtension.appex */; settings = {ATTRIBUTES = (RemoveHeadersOnCopy, ); }; };
		5CD008961FE8A6A200A653C2 /* ZLCompressUtils.m in Sources */ = {isa = PBXBuildFile; fileRef = 5CD0087A1FE8A6A200A653C2 /* ZLCompressUtils.m */; };
		5CD008971FE8A6A200A653C2 /* ZLCompressUtils.m in Sources */ = {isa = PBXBuildFile; fileRef = 5CD0087A1FE8A6A200A653C2 /* ZLCompressUtils.m */; };
		5CD008981FE8A6A200A653C2 /* ZLSharePackageEntry.m in Sources */ = {isa = PBXBuildFile; fileRef = 5CD0087B1FE8A6A200A653C2 /* ZLSharePackageEntry.m */; };
		5CD008991FE8A6A200A653C2 /* ZLSharePackageEntry.m in Sources */ = {isa = PBXBuildFile; fileRef = 5CD0087B1FE8A6A200A653C2 /* ZLSharePackageEntry.m */; };
		5CD0089A1FE8A6A200A653C2 /* HMUploadAdapter.m in Sources */ = {isa = PBXBuildFile; fileRef = 5CD0087F1FE8A6A200A653C2 /* HMUploadAdapter.m */; };
		5CD0089B1FE8A6A200A653C2 /* HMUploadAdapter.m in Sources */ = {isa = PBXBuildFile; fileRef = 5CD0087F1FE8A6A200A653C2 /* HMUploadAdapter.m */; };
		5CD0089C1FE8A6A200A653C2 /* HMTaskTimer.m in Sources */ = {isa = PBXBuildFile; fileRef = 5CD008811FE8A6A200A653C2 /* HMTaskTimer.m */; };
		5CD0089D1FE8A6A200A653C2 /* HMTaskTimer.m in Sources */ = {isa = PBXBuildFile; fileRef = 5CD008811FE8A6A200A653C2 /* HMTaskTimer.m */; };
		5CD0089E1FE8A6A200A653C2 /* HMNetworkManager.m in Sources */ = {isa = PBXBuildFile; fileRef = 5CD008831FE8A6A200A653C2 /* HMNetworkManager.m */; };
		5CD0089F1FE8A6A200A653C2 /* HMNetworkManager.m in Sources */ = {isa = PBXBuildFile; fileRef = 5CD008831FE8A6A200A653C2 /* HMNetworkManager.m */; };
		5CD008A01FE8A6A200A653C2 /* HMPriorityQueue.m in Sources */ = {isa = PBXBuildFile; fileRef = 5CD008841FE8A6A200A653C2 /* HMPriorityQueue.m */; };
		5CD008A11FE8A6A200A653C2 /* HMPriorityQueue.m in Sources */ = {isa = PBXBuildFile; fileRef = 5CD008841FE8A6A200A653C2 /* HMPriorityQueue.m */; };
		5CD008A21FE8A6A200A653C2 /* HMURLUploadCallbackEntry.m in Sources */ = {isa = PBXBuildFile; fileRef = 5CD008891FE8A6A200A653C2 /* HMURLUploadCallbackEntry.m */; };
		5CD008A31FE8A6A200A653C2 /* HMURLUploadCallbackEntry.m in Sources */ = {isa = PBXBuildFile; fileRef = 5CD008891FE8A6A200A653C2 /* HMURLUploadCallbackEntry.m */; };
		5CD008A41FE8A6A200A653C2 /* HMURLUploadTask.m in Sources */ = {isa = PBXBuildFile; fileRef = 5CD0088C1FE8A6A200A653C2 /* HMURLUploadTask.m */; };
		5CD008A51FE8A6A200A653C2 /* HMURLUploadTask.m in Sources */ = {isa = PBXBuildFile; fileRef = 5CD0088C1FE8A6A200A653C2 /* HMURLUploadTask.m */; };
		5CD008A61FE8A6A200A653C2 /* HMURLUploadCompletionEntity.m in Sources */ = {isa = PBXBuildFile; fileRef = 5CD0088D1FE8A6A200A653C2 /* HMURLUploadCompletionEntity.m */; };
		5CD008A71FE8A6A200A653C2 /* HMURLUploadCompletionEntity.m in Sources */ = {isa = PBXBuildFile; fileRef = 5CD0088D1FE8A6A200A653C2 /* HMURLUploadCompletionEntity.m */; };
		5CD008A81FE8A6A200A653C2 /* HMURLSessionManger.m in Sources */ = {isa = PBXBuildFile; fileRef = 5CD0088F1FE8A6A200A653C2 /* HMURLSessionManger.m */; };
		5CD008A91FE8A6A200A653C2 /* HMURLSessionManger.m in Sources */ = {isa = PBXBuildFile; fileRef = 5CD0088F1FE8A6A200A653C2 /* HMURLSessionManger.m */; };
		5CD008AA1FE8A6A200A653C2 /* ZLSharePackage.m in Sources */ = {isa = PBXBuildFile; fileRef = 5CD008921FE8A6A200A653C2 /* ZLSharePackage.m */; };
		5CD008AB1FE8A6A200A653C2 /* ZLSharePackage.m in Sources */ = {isa = PBXBuildFile; fileRef = 5CD008921FE8A6A200A653C2 /* ZLSharePackage.m */; };
		5CD008AC1FE8A6A200A653C2 /* ZLShareExtensionManager.m in Sources */ = {isa = PBXBuildFile; fileRef = 5CD008951FE8A6A200A653C2 /* ZLShareExtensionManager.m */; };
		5CD008AD1FE8A6A200A653C2 /* ZLShareExtensionManager.m in Sources */ = {isa = PBXBuildFile; fileRef = 5CD008951FE8A6A200A653C2 /* ZLShareExtensionManager.m */; };
		5CD008B11FE90C6600A653C2 /* ZLShareExtensionManager_Image.m in Sources */ = {isa = PBXBuildFile; fileRef = 5CD008B01FE90C6600A653C2 /* ZLShareExtensionManager_Image.m */; };
/* End PBXBuildFile section */

/* Begin PBXContainerItemProxy section */
		5C8A70E71FE276100064BB0E /* PBXContainerItemProxy */ = {
			isa = PBXContainerItemProxy;
			containerPortal = 5C8A70C61FE276100064BB0E /* Project object */;
			proxyType = 1;
			remoteGlobalIDString = 5C8A70CD1FE276100064BB0E;
			remoteInfo = ZaloShare;
		};
		5C8A719E1FE279630064BB0E /* PBXContainerItemProxy */ = {
			isa = PBXContainerItemProxy;
			containerPortal = 5C8A70C61FE276100064BB0E /* Project object */;
			proxyType = 1;
			remoteGlobalIDString = 5C8A71941FE279630064BB0E;
			remoteInfo = ShareExtension;
		};
/* End PBXContainerItemProxy section */

/* Begin PBXCopyFilesBuildPhase section */
		5C8A71A41FE279630064BB0E /* Embed App Extensions */ = {
			isa = PBXCopyFilesBuildPhase;
			buildActionMask = 2147483647;
			dstPath = "";
			dstSubfolderSpec = 13;
			files = (
				5C8A71A01FE279630064BB0E /* ShareExtension.appex in Embed App Extensions */,
			);
			name = "Embed App Extensions";
			runOnlyForDeploymentPostprocessing = 0;
		};
/* End PBXCopyFilesBuildPhase section */

/* Begin PBXFileReference section */
		5C04D5EF1FE7E66800644526 /* icon_cancel@2x.png */ = {isa = PBXFileReference; lastKnownFileType = image.png; path = "icon_cancel@2x.png"; sourceTree = "<group>"; };
		5C04D5F01FE7E66900644526 /* icon_cancel.png */ = {isa = PBXFileReference; lastKnownFileType = image.png; path = icon_cancel.png; sourceTree = "<group>"; };
		5C04D5F11FE7E66900644526 /* icon_cancel@3x.png */ = {isa = PBXFileReference; lastKnownFileType = image.png; path = "icon_cancel@3x.png"; sourceTree = "<group>"; };
		5C4B475A1FE3B5190066776C /* DXConversationManager.m */ = {isa = PBXFileReference; fileEncoding = 4; lastKnownFileType = sourcecode.c.objc; path = DXConversationManager.m; sourceTree = "<group>"; };
		5C4B475B1FE3B5190066776C /* DXImageManager.h */ = {isa = PBXFileReference; fileEncoding = 4; lastKnownFileType = sourcecode.c.h; path = DXImageManager.h; sourceTree = "<group>"; };
		5C4B475C1FE3B5190066776C /* DXImageManager.m */ = {isa = PBXFileReference; fileEncoding = 4; lastKnownFileType = sourcecode.c.objc; path = DXImageManager.m; sourceTree = "<group>"; };
		5C4B475D1FE3B5190066776C /* DXConversationManager.h */ = {isa = PBXFileReference; fileEncoding = 4; lastKnownFileType = sourcecode.c.h; path = DXConversationManager.h; sourceTree = "<group>"; };
		5C4B475F1FE3B51A0066776C /* DXConversationModel.h */ = {isa = PBXFileReference; fileEncoding = 4; lastKnownFileType = sourcecode.c.h; path = DXConversationModel.h; sourceTree = "<group>"; };
		5C4B47601FE3B51A0066776C /* DXContactModel.h */ = {isa = PBXFileReference; fileEncoding = 4; lastKnownFileType = sourcecode.c.h; path = DXContactModel.h; sourceTree = "<group>"; };
		5C4B47611FE3B51A0066776C /* DXConversationModel.m */ = {isa = PBXFileReference; fileEncoding = 4; lastKnownFileType = sourcecode.c.objc; path = DXConversationModel.m; sourceTree = "<group>"; };
		5C4B47621FE3B51A0066776C /* DXContactModel.m */ = {isa = PBXFileReference; fileEncoding = 4; lastKnownFileType = sourcecode.c.objc; path = DXContactModel.m; sourceTree = "<group>"; };
		5C4B47641FE3B51A0066776C /* icon_friend@3x.png */ = {isa = PBXFileReference; lastKnownFileType = image.png; path = "icon_friend@3x.png"; sourceTree = "<group>"; };
		5C4B47651FE3B51A0066776C /* icon_friend.png */ = {isa = PBXFileReference; lastKnownFileType = image.png; path = icon_friend.png; sourceTree = "<group>"; };
		5C4B47661FE3B51A0066776C /* icon_friend@2x.png */ = {isa = PBXFileReference; lastKnownFileType = image.png; path = "icon_friend@2x.png"; sourceTree = "<group>"; };
		5C4B476A1FE3B51A0066776C /* DXShareNavigationController.h */ = {isa = PBXFileReference; fileEncoding = 4; lastKnownFileType = sourcecode.c.h; path = DXShareNavigationController.h; sourceTree = "<group>"; };
		5C4B476B1FE3B51A0066776C /* DXShareNavigationController.m */ = {isa = PBXFileReference; fileEncoding = 4; lastKnownFileType = sourcecode.c.objc; path = DXShareNavigationController.m; sourceTree = "<group>"; };
		5C4B476D1FE3B51A0066776C /* DXPickFriendsViewController.m */ = {isa = PBXFileReference; fileEncoding = 4; lastKnownFileType = sourcecode.c.objc; path = DXPickFriendsViewController.m; sourceTree = "<group>"; };
		5C4B476E1FE3B51A0066776C /* DXPickFriendsViewController.h */ = {isa = PBXFileReference; fileEncoding = 4; lastKnownFileType = sourcecode.c.h; path = DXPickFriendsViewController.h; sourceTree = "<group>"; };
		5C4B47701FE3B51A0066776C /* DXPickContactsViewController.m */ = {isa = PBXFileReference; fileEncoding = 4; lastKnownFileType = sourcecode.c.objc; path = DXPickContactsViewController.m; sourceTree = "<group>"; };
		5C4B47711FE3B51A0066776C /* DXResultSearchViewController.h */ = {isa = PBXFileReference; fileEncoding = 4; lastKnownFileType = sourcecode.c.h; path = DXResultSearchViewController.h; sourceTree = "<group>"; };
		5C4B47721FE3B51A0066776C /* DXShowPickedViewController.m */ = {isa = PBXFileReference; fileEncoding = 4; lastKnownFileType = sourcecode.c.objc; path = DXShowPickedViewController.m; sourceTree = "<group>"; };
		5C4B47741FE3B51A0066776C /* DXPickContactTableViewCell.h */ = {isa = PBXFileReference; fileEncoding = 4; lastKnownFileType = sourcecode.c.h; path = DXPickContactTableViewCell.h; sourceTree = "<group>"; };
		5C4B47751FE3B51A0066776C /* DXShowPickedCollectionViewCell.h */ = {isa = PBXFileReference; fileEncoding = 4; lastKnownFileType = sourcecode.c.h; path = DXShowPickedCollectionViewCell.h; sourceTree = "<group>"; };
		5C4B47761FE3B51A0066776C /* DXPickContactTableViewCell.m */ = {isa = PBXFileReference; fileEncoding = 4; lastKnownFileType = sourcecode.c.objc; path = DXPickContactTableViewCell.m; sourceTree = "<group>"; };
		5C4B47771FE3B51A0066776C /* DXShowPickedCollectionViewCell.xib */ = {isa = PBXFileReference; fileEncoding = 4; lastKnownFileType = file.xib; path = DXShowPickedCollectionViewCell.xib; sourceTree = "<group>"; };
		5C4B47781FE3B51A0066776C /* DXShowPickedCollectionViewCell.m */ = {isa = PBXFileReference; fileEncoding = 4; lastKnownFileType = sourcecode.c.objc; path = DXShowPickedCollectionViewCell.m; sourceTree = "<group>"; };
		5C4B47791FE3B51A0066776C /* DXPickContactsViewController.h */ = {isa = PBXFileReference; fileEncoding = 4; lastKnownFileType = sourcecode.c.h; path = DXPickContactsViewController.h; sourceTree = "<group>"; };
		5C4B477A1FE3B51A0066776C /* DXResultSearchViewController.m */ = {isa = PBXFileReference; fileEncoding = 4; lastKnownFileType = sourcecode.c.objc; path = DXResultSearchViewController.m; sourceTree = "<group>"; };
		5C4B477B1FE3B51A0066776C /* DXShowPickedViewController.h */ = {isa = PBXFileReference; fileEncoding = 4; lastKnownFileType = sourcecode.c.h; path = DXShowPickedViewController.h; sourceTree = "<group>"; };
		5C4B47A71FE3BCBA0066776C /* ZLPickConversationViewController.h */ = {isa = PBXFileReference; fileEncoding = 4; lastKnownFileType = sourcecode.c.h; path = ZLPickConversationViewController.h; sourceTree = "<group>"; };
		5C4B47A81FE3BCBA0066776C /* DXConversationSearchResultViewController.h */ = {isa = PBXFileReference; fileEncoding = 4; lastKnownFileType = sourcecode.c.h; path = DXConversationSearchResultViewController.h; sourceTree = "<group>"; };
		5C4B47A91FE3BCBA0066776C /* ZLPickConversationViewController.m */ = {isa = PBXFileReference; fileEncoding = 4; lastKnownFileType = sourcecode.c.objc; path = ZLPickConversationViewController.m; sourceTree = "<group>"; };
		5C4B47AA1FE3BCBA0066776C /* DXConversationSearchResultViewController.m */ = {isa = PBXFileReference; fileEncoding = 4; lastKnownFileType = sourcecode.c.objc; path = DXConversationSearchResultViewController.m; sourceTree = "<group>"; };
		5C4B47AC1FE3BCBA0066776C /* DXConversationTableViewCell.m */ = {isa = PBXFileReference; fileEncoding = 4; lastKnownFileType = sourcecode.c.objc; path = DXConversationTableViewCell.m; sourceTree = "<group>"; };
		5C4B47AD1FE3BCBA0066776C /* DXConversationTableViewCell.h */ = {isa = PBXFileReference; fileEncoding = 4; lastKnownFileType = sourcecode.c.h; path = DXConversationTableViewCell.h; sourceTree = "<group>"; };
		5C4B47B51FE3BDD70066776C /* ZLUpLoadingViewController.h */ = {isa = PBXFileReference; lastKnownFileType = sourcecode.c.h; path = ZLUpLoadingViewController.h; sourceTree = "<group>"; };
		5C4B47B61FE3BDD70066776C /* ZLUpLoadingViewController.m */ = {isa = PBXFileReference; lastKnownFileType = sourcecode.c.objc; path = ZLUpLoadingViewController.m; sourceTree = "<group>"; };
		5C85E6301FE76B81001AFDA9 /* icon_clear@3x.png */ = {isa = PBXFileReference; lastKnownFileType = image.png; path = "icon_clear@3x.png"; sourceTree = "<group>"; };
		5C85E6311FE76B81001AFDA9 /* icon_clear.png */ = {isa = PBXFileReference; lastKnownFileType = image.png; path = icon_clear.png; sourceTree = "<group>"; };
		5C85E6321FE76B81001AFDA9 /* icon_clear@2x.png */ = {isa = PBXFileReference; lastKnownFileType = image.png; path = "icon_clear@2x.png"; sourceTree = "<group>"; };
		5C85E6421FE77723001AFDA9 /* icon_search@2x.png */ = {isa = PBXFileReference; lastKnownFileType = image.png; path = "icon_search@2x.png"; sourceTree = "<group>"; };
		5C85E6431FE77723001AFDA9 /* icon_search@3x.png */ = {isa = PBXFileReference; lastKnownFileType = image.png; path = "icon_search@3x.png"; sourceTree = "<group>"; };
		5C85E6441FE77723001AFDA9 /* icon_search.png */ = {isa = PBXFileReference; lastKnownFileType = image.png; path = icon_search.png; sourceTree = "<group>"; };
		5C85E64C1FE79EB2001AFDA9 /* EditPostViewController.h */ = {isa = PBXFileReference; lastKnownFileType = sourcecode.c.h; path = EditPostViewController.h; sourceTree = "<group>"; };
		5C85E64D1FE79EB2001AFDA9 /* EditPostViewController.m */ = {isa = PBXFileReference; lastKnownFileType = sourcecode.c.objc; path = EditPostViewController.m; sourceTree = "<group>"; };
		5C8A70CE1FE276100064BB0E /* ZaloShare.app */ = {isa = PBXFileReference; explicitFileType = wrapper.application; includeInIndex = 0; path = ZaloShare.app; sourceTree = BUILT_PRODUCTS_DIR; };
		5C8A70D11FE276100064BB0E /* AppDelegate.h */ = {isa = PBXFileReference; lastKnownFileType = sourcecode.c.h; path = AppDelegate.h; sourceTree = "<group>"; };
		5C8A70D21FE276100064BB0E /* AppDelegate.m */ = {isa = PBXFileReference; lastKnownFileType = sourcecode.c.objc; path = AppDelegate.m; sourceTree = "<group>"; };
		5C8A70DA1FE276100064BB0E /* Assets.xcassets */ = {isa = PBXFileReference; lastKnownFileType = folder.assetcatalog; path = Assets.xcassets; sourceTree = "<group>"; };
		5C8A70DD1FE276100064BB0E /* Base */ = {isa = PBXFileReference; lastKnownFileType = file.storyboard; name = Base; path = Base.lproj/LaunchScreen.storyboard; sourceTree = "<group>"; };
		5C8A70DF1FE276100064BB0E /* Info.plist */ = {isa = PBXFileReference; lastKnownFileType = text.plist.xml; path = Info.plist; sourceTree = "<group>"; };
		5C8A70E01FE276100064BB0E /* main.m */ = {isa = PBXFileReference; lastKnownFileType = sourcecode.c.objc; path = main.m; sourceTree = "<group>"; };
		5C8A70E61FE276100064BB0E /* ZaloShareTests.xctest */ = {isa = PBXFileReference; explicitFileType = wrapper.cfbundle; includeInIndex = 0; path = ZaloShareTests.xctest; sourceTree = BUILT_PRODUCTS_DIR; };
		5C8A70EA1FE276100064BB0E /* ZaloShareTests.m */ = {isa = PBXFileReference; lastKnownFileType = sourcecode.c.objc; path = ZaloShareTests.m; sourceTree = "<group>"; };
		5C8A70EC1FE276100064BB0E /* Info.plist */ = {isa = PBXFileReference; lastKnownFileType = text.plist.xml; path = Info.plist; sourceTree = "<group>"; };
		5C8A71951FE279630064BB0E /* ShareExtension.appex */ = {isa = PBXFileReference; explicitFileType = "wrapper.app-extension"; includeInIndex = 0; path = ShareExtension.appex; sourceTree = BUILT_PRODUCTS_DIR; };
		5C8A71971FE279630064BB0E /* ShareRootViewController.h */ = {isa = PBXFileReference; lastKnownFileType = sourcecode.c.h; path = ShareRootViewController.h; sourceTree = "<group>"; };
		5C8A71981FE279630064BB0E /* ShareRootViewController.m */ = {isa = PBXFileReference; lastKnownFileType = sourcecode.c.objc; path = ShareRootViewController.m; sourceTree = "<group>"; };
		5C8A719B1FE279630064BB0E /* Base */ = {isa = PBXFileReference; lastKnownFileType = file.storyboard; name = Base; path = Base.lproj/MainInterface.storyboard; sourceTree = "<group>"; };
		5C8A719D1FE279630064BB0E /* Info.plist */ = {isa = PBXFileReference; lastKnownFileType = text.plist.xml; path = Info.plist; sourceTree = "<group>"; };
		5C8A71A51FE2799F0064BB0E /* ZaloShare.entitlements */ = {isa = PBXFileReference; lastKnownFileType = text.plist.entitlements; path = ZaloShare.entitlements; sourceTree = "<group>"; };
		5C8A71A61FE279A50064BB0E /* ShareExtension.entitlements */ = {isa = PBXFileReference; lastKnownFileType = text.plist.entitlements; path = ShareExtension.entitlements; sourceTree = "<group>"; };
		5CD008791FE8A6A200A653C2 /* ZLSharePackage.h */ = {isa = PBXFileReference; fileEncoding = 4; lastKnownFileType = sourcecode.c.h; path = ZLSharePackage.h; sourceTree = "<group>"; };
		5CD0087A1FE8A6A200A653C2 /* ZLCompressUtils.m */ = {isa = PBXFileReference; fileEncoding = 4; lastKnownFileType = sourcecode.c.objc; path = ZLCompressUtils.m; sourceTree = "<group>"; };
		5CD0087B1FE8A6A200A653C2 /* ZLSharePackageEntry.m */ = {isa = PBXFileReference; fileEncoding = 4; lastKnownFileType = sourcecode.c.objc; path = ZLSharePackageEntry.m; sourceTree = "<group>"; };
		5CD0087D1FE8A6A200A653C2 /* HMUploadAdapter.h */ = {isa = PBXFileReference; fileEncoding = 4; lastKnownFileType = sourcecode.c.h; path = HMUploadAdapter.h; sourceTree = "<group>"; };
		5CD0087E1FE8A6A200A653C2 /* HMURLSessionManger.h */ = {isa = PBXFileReference; fileEncoding = 4; lastKnownFileType = sourcecode.c.h; path = HMURLSessionManger.h; sourceTree = "<group>"; };
		5CD0087F1FE8A6A200A653C2 /* HMUploadAdapter.m */ = {isa = PBXFileReference; fileEncoding = 4; lastKnownFileType = sourcecode.c.objc; path = HMUploadAdapter.m; sourceTree = "<group>"; };
		5CD008811FE8A6A200A653C2 /* HMTaskTimer.m */ = {isa = PBXFileReference; fileEncoding = 4; lastKnownFileType = sourcecode.c.objc; path = HMTaskTimer.m; sourceTree = "<group>"; };
		5CD008821FE8A6A200A653C2 /* Constaint.h */ = {isa = PBXFileReference; fileEncoding = 4; lastKnownFileType = sourcecode.c.h; path = Constaint.h; sourceTree = "<group>"; };
		5CD008831FE8A6A200A653C2 /* HMNetworkManager.m */ = {isa = PBXFileReference; fileEncoding = 4; lastKnownFileType = sourcecode.c.objc; path = HMNetworkManager.m; sourceTree = "<group>"; };
		5CD008841FE8A6A200A653C2 /* HMPriorityQueue.m */ = {isa = PBXFileReference; fileEncoding = 4; lastKnownFileType = sourcecode.c.objc; path = HMPriorityQueue.m; sourceTree = "<group>"; };
		5CD008851FE8A6A200A653C2 /* HMTaskTimer.h */ = {isa = PBXFileReference; fileEncoding = 4; lastKnownFileType = sourcecode.c.h; path = HMTaskTimer.h; sourceTree = "<group>"; };
		5CD008861FE8A6A200A653C2 /* HMNetworkManager.h */ = {isa = PBXFileReference; fileEncoding = 4; lastKnownFileType = sourcecode.c.h; path = HMNetworkManager.h; sourceTree = "<group>"; };
		5CD008871FE8A6A200A653C2 /* HMPriorityQueue.h */ = {isa = PBXFileReference; fileEncoding = 4; lastKnownFileType = sourcecode.c.h; path = HMPriorityQueue.h; sourceTree = "<group>"; };
		5CD008891FE8A6A200A653C2 /* HMURLUploadCallbackEntry.m */ = {isa = PBXFileReference; fileEncoding = 4; lastKnownFileType = sourcecode.c.objc; path = HMURLUploadCallbackEntry.m; sourceTree = "<group>"; };
		5CD0088A1FE8A6A200A653C2 /* HMURLUploadCompletionEntity.h */ = {isa = PBXFileReference; fileEncoding = 4; lastKnownFileType = sourcecode.c.h; path = HMURLUploadCompletionEntity.h; sourceTree = "<group>"; };
		5CD0088B1FE8A6A200A653C2 /* HMURLUploadTask.h */ = {isa = PBXFileReference; fileEncoding = 4; lastKnownFileType = sourcecode.c.h; path = HMURLUploadTask.h; sourceTree = "<group>"; };
		5CD0088C1FE8A6A200A653C2 /* HMURLUploadTask.m */ = {isa = PBXFileReference; fileEncoding = 4; lastKnownFileType = sourcecode.c.objc; path = HMURLUploadTask.m; sourceTree = "<group>"; };
		5CD0088D1FE8A6A200A653C2 /* HMURLUploadCompletionEntity.m */ = {isa = PBXFileReference; fileEncoding = 4; lastKnownFileType = sourcecode.c.objc; path = HMURLUploadCompletionEntity.m; sourceTree = "<group>"; };
		5CD0088E1FE8A6A200A653C2 /* HMURLUploadCallbackEntry.h */ = {isa = PBXFileReference; fileEncoding = 4; lastKnownFileType = sourcecode.c.h; path = HMURLUploadCallbackEntry.h; sourceTree = "<group>"; };
		5CD0088F1FE8A6A200A653C2 /* HMURLSessionManger.m */ = {isa = PBXFileReference; fileEncoding = 4; lastKnownFileType = sourcecode.c.objc; path = HMURLSessionManger.m; sourceTree = "<group>"; };
		5CD008901FE8A6A200A653C2 /* ZLShareExtensionManager.h */ = {isa = PBXFileReference; fileEncoding = 4; lastKnownFileType = sourcecode.c.h; path = ZLShareExtensionManager.h; sourceTree = "<group>"; };
		5CD008911FE8A6A200A653C2 /* ZLShareDefine.h */ = {isa = PBXFileReference; fileEncoding = 4; lastKnownFileType = sourcecode.c.h; path = ZLShareDefine.h; sourceTree = "<group>"; };
		5CD008921FE8A6A200A653C2 /* ZLSharePackage.m */ = {isa = PBXFileReference; fileEncoding = 4; lastKnownFileType = sourcecode.c.objc; path = ZLSharePackage.m; sourceTree = "<group>"; };
		5CD008931FE8A6A200A653C2 /* ZLSharePackageEntry.h */ = {isa = PBXFileReference; fileEncoding = 4; lastKnownFileType = sourcecode.c.h; path = ZLSharePackageEntry.h; sourceTree = "<group>"; };
		5CD008941FE8A6A200A653C2 /* ZLCompressUtils.h */ = {isa = PBXFileReference; fileEncoding = 4; lastKnownFileType = sourcecode.c.h; path = ZLCompressUtils.h; sourceTree = "<group>"; };
		5CD008951FE8A6A200A653C2 /* ZLShareExtensionManager.m */ = {isa = PBXFileReference; fileEncoding = 4; lastKnownFileType = sourcecode.c.objc; path = ZLShareExtensionManager.m; sourceTree = "<group>"; };
		5CD008AF1FE90C6600A653C2 /* ZLShareExtensionManager_Image.h */ = {isa = PBXFileReference; lastKnownFileType = sourcecode.c.h; path = ZLShareExtensionManager_Image.h; sourceTree = "<group>"; };
		5CD008B01FE90C6600A653C2 /* ZLShareExtensionManager_Image.m */ = {isa = PBXFileReference; lastKnownFileType = sourcecode.c.objc; path = ZLShareExtensionManager_Image.m; sourceTree = "<group>"; };
/* End PBXFileReference section */

/* Begin PBXFrameworksBuildPhase section */
		5C8A70CB1FE276100064BB0E /* Frameworks */ = {
			isa = PBXFrameworksBuildPhase;
			buildActionMask = 2147483647;
			files = (
			);
			runOnlyForDeploymentPostprocessing = 0;
		};
		5C8A70E31FE276100064BB0E /* Frameworks */ = {
			isa = PBXFrameworksBuildPhase;
			buildActionMask = 2147483647;
			files = (
			);
			runOnlyForDeploymentPostprocessing = 0;
		};
		5C8A71921FE279630064BB0E /* Frameworks */ = {
			isa = PBXFrameworksBuildPhase;
			buildActionMask = 2147483647;
			files = (
			);
			runOnlyForDeploymentPostprocessing = 0;
		};
/* End PBXFrameworksBuildPhase section */

/* Begin PBXGroup section */
		5C4B47591FE3B5190066776C /* Manager */ = {
			isa = PBXGroup;
			children = (
				5C4B475D1FE3B5190066776C /* DXConversationManager.h */,
				5C4B475A1FE3B5190066776C /* DXConversationManager.m */,
				5C4B475B1FE3B5190066776C /* DXImageManager.h */,
				5C4B475C1FE3B5190066776C /* DXImageManager.m */,
			);
			name = Manager;
			path = ZaloShare/Manager;
			sourceTree = SOURCE_ROOT;
		};
		5C4B475E1FE3B51A0066776C /* Models */ = {
			isa = PBXGroup;
			children = (
				5C4B47601FE3B51A0066776C /* DXContactModel.h */,
				5C4B47621FE3B51A0066776C /* DXContactModel.m */,
				5C4B475F1FE3B51A0066776C /* DXConversationModel.h */,
				5C4B47611FE3B51A0066776C /* DXConversationModel.m */,
			);
			name = Models;
			path = ZaloShare/Models;
			sourceTree = SOURCE_ROOT;
		};
		5C4B47631FE3B51A0066776C /* Resources */ = {
			isa = PBXGroup;
			children = (
				5C04D5F01FE7E66900644526 /* icon_cancel.png */,
				5C04D5EF1FE7E66800644526 /* icon_cancel@2x.png */,
				5C04D5F11FE7E66900644526 /* icon_cancel@3x.png */,
				5C85E6441FE77723001AFDA9 /* icon_search.png */,
				5C85E6421FE77723001AFDA9 /* icon_search@2x.png */,
				5C85E6431FE77723001AFDA9 /* icon_search@3x.png */,
				5C85E6311FE76B81001AFDA9 /* icon_clear.png */,
				5C85E6321FE76B81001AFDA9 /* icon_clear@2x.png */,
				5C85E6301FE76B81001AFDA9 /* icon_clear@3x.png */,
				5C4B47651FE3B51A0066776C /* icon_friend.png */,
				5C4B47661FE3B51A0066776C /* icon_friend@2x.png */,
				5C4B47641FE3B51A0066776C /* icon_friend@3x.png */,
			);
			name = Resources;
			path = ZaloShare/Resources;
			sourceTree = SOURCE_ROOT;
		};
		5C4B47671FE3B51A0066776C /* Screens */ = {
			isa = PBXGroup;
			children = (
				5C4B47A61FE3BCBA0066776C /* ConversationPicker */,
				5C4B476C1FE3B51A0066776C /* ContactsPicker */,
				5C85E64B1FE79E9C001AFDA9 /* EditPost */,
				5C4B47691FE3B51A0066776C /* NavigationController */,
				5C4B47B41FE3BDBD0066776C /* LoadingView */,
			);
			name = Screens;
			path = ZaloShare/Screens;
			sourceTree = SOURCE_ROOT;
		};
		5C4B47691FE3B51A0066776C /* NavigationController */ = {
			isa = PBXGroup;
			children = (
				5C4B476A1FE3B51A0066776C /* DXShareNavigationController.h */,
				5C4B476B1FE3B51A0066776C /* DXShareNavigationController.m */,
			);
			path = NavigationController;
			sourceTree = "<group>";
		};
		5C4B476C1FE3B51A0066776C /* ContactsPicker */ = {
			isa = PBXGroup;
			children = (
				5C4B476E1FE3B51A0066776C /* DXPickFriendsViewController.h */,
				5C4B476D1FE3B51A0066776C /* DXPickFriendsViewController.m */,
				5C4B476F1FE3B51A0066776C /* Controllers */,
			);
			path = ContactsPicker;
			sourceTree = "<group>";
		};
		5C4B476F1FE3B51A0066776C /* Controllers */ = {
			isa = PBXGroup;
			children = (
				5C4B47791FE3B51A0066776C /* DXPickContactsViewController.h */,
				5C4B47701FE3B51A0066776C /* DXPickContactsViewController.m */,
				5C4B47711FE3B51A0066776C /* DXResultSearchViewController.h */,
				5C4B477A1FE3B51A0066776C /* DXResultSearchViewController.m */,
				5C4B477B1FE3B51A0066776C /* DXShowPickedViewController.h */,
				5C4B47721FE3B51A0066776C /* DXShowPickedViewController.m */,
				5C4B47731FE3B51A0066776C /* View */,
			);
			path = Controllers;
			sourceTree = "<group>";
		};
		5C4B47731FE3B51A0066776C /* View */ = {
			isa = PBXGroup;
			children = (
				5C4B47741FE3B51A0066776C /* DXPickContactTableViewCell.h */,
				5C4B47751FE3B51A0066776C /* DXShowPickedCollectionViewCell.h */,
				5C4B47761FE3B51A0066776C /* DXPickContactTableViewCell.m */,
				5C4B47771FE3B51A0066776C /* DXShowPickedCollectionViewCell.xib */,
				5C4B47781FE3B51A0066776C /* DXShowPickedCollectionViewCell.m */,
			);
			path = View;
			sourceTree = "<group>";
		};
		5C4B47A61FE3BCBA0066776C /* ConversationPicker */ = {
			isa = PBXGroup;
			children = (
				5C4B47A71FE3BCBA0066776C /* ZLPickConversationViewController.h */,
				5C4B47A91FE3BCBA0066776C /* ZLPickConversationViewController.m */,
				5C4B47A81FE3BCBA0066776C /* DXConversationSearchResultViewController.h */,
				5C4B47AA1FE3BCBA0066776C /* DXConversationSearchResultViewController.m */,
				5C4B47AB1FE3BCBA0066776C /* Views */,
			);
			path = ConversationPicker;
			sourceTree = "<group>";
		};
		5C4B47AB1FE3BCBA0066776C /* Views */ = {
			isa = PBXGroup;
			children = (
				5C4B47AC1FE3BCBA0066776C /* DXConversationTableViewCell.m */,
				5C4B47AD1FE3BCBA0066776C /* DXConversationTableViewCell.h */,
			);
			path = Views;
			sourceTree = "<group>";
		};
		5C4B47B41FE3BDBD0066776C /* LoadingView */ = {
			isa = PBXGroup;
			children = (
				5C4B47B51FE3BDD70066776C /* ZLUpLoadingViewController.h */,
				5C4B47B61FE3BDD70066776C /* ZLUpLoadingViewController.m */,
			);
			path = LoadingView;
			sourceTree = "<group>";
		};
		5C85E64B1FE79E9C001AFDA9 /* EditPost */ = {
			isa = PBXGroup;
			children = (
				5C85E64C1FE79EB2001AFDA9 /* EditPostViewController.h */,
				5C85E64D1FE79EB2001AFDA9 /* EditPostViewController.m */,
			);
			path = EditPost;
			sourceTree = "<group>";
		};
		5C8A70C51FE276100064BB0E = {
			isa = PBXGroup;
			children = (
				5C8A70D01FE276100064BB0E /* ZaloShare */,
				5C8A70E91FE276100064BB0E /* ZaloShareTests */,
				5C8A71961FE279630064BB0E /* ShareExtension */,
				5C8A70CF1FE276100064BB0E /* Products */,
			);
			sourceTree = "<group>";
		};
		5C8A70CF1FE276100064BB0E /* Products */ = {
			isa = PBXGroup;
			children = (
				5C8A70CE1FE276100064BB0E /* ZaloShare.app */,
				5C8A70E61FE276100064BB0E /* ZaloShareTests.xctest */,
				5C8A71951FE279630064BB0E /* ShareExtension.appex */,
			);
			name = Products;
			sourceTree = "<group>";
		};
		5C8A70D01FE276100064BB0E /* ZaloShare */ = {
			isa = PBXGroup;
			children = (
				5C8A71A51FE2799F0064BB0E /* ZaloShare.entitlements */,
				5C8A70D11FE276100064BB0E /* AppDelegate.h */,
				5C8A70D21FE276100064BB0E /* AppDelegate.m */,
				5C8A70DA1FE276100064BB0E /* Assets.xcassets */,
				5C8A70DC1FE276100064BB0E /* LaunchScreen.storyboard */,
				5C8A70DF1FE276100064BB0E /* Info.plist */,
				5C8A70E01FE276100064BB0E /* main.m */,
			);
			path = ZaloShare;
			sourceTree = "<group>";
		};
		5C8A70E91FE276100064BB0E /* ZaloShareTests */ = {
			isa = PBXGroup;
			children = (
				5C8A70EA1FE276100064BB0E /* ZaloShareTests.m */,
				5C8A70EC1FE276100064BB0E /* Info.plist */,
			);
			path = ZaloShareTests;
			sourceTree = "<group>";
		};
		5C8A71961FE279630064BB0E /* ShareExtension */ = {
			isa = PBXGroup;
			children = (
				5C8A71A61FE279A50064BB0E /* ShareExtension.entitlements */,
				5C4B47591FE3B5190066776C /* Manager */,
				5C4B475E1FE3B51A0066776C /* Models */,
				5C4B47631FE3B51A0066776C /* Resources */,
				5C4B47671FE3B51A0066776C /* Screens */,
				5CD008781FE8A6A200A653C2 /* ZLShareExtensionManager */,
				5C8A71971FE279630064BB0E /* ShareRootViewController.h */,
				5C8A71981FE279630064BB0E /* ShareRootViewController.m */,
				5C8A719A1FE279630064BB0E /* MainInterface.storyboard */,
				5C8A719D1FE279630064BB0E /* Info.plist */,
			);
			path = ShareExtension;
			sourceTree = "<group>";
		};
		5CD008781FE8A6A200A653C2 /* ZLShareExtensionManager */ = {
			isa = PBXGroup;
			children = (
				5CD008911FE8A6A200A653C2 /* ZLShareDefine.h */,
				5CD008791FE8A6A200A653C2 /* ZLSharePackage.h */,
				5CD008921FE8A6A200A653C2 /* ZLSharePackage.m */,
				5CD0087A1FE8A6A200A653C2 /* ZLCompressUtils.m */,
				5CD0087B1FE8A6A200A653C2 /* ZLSharePackageEntry.m */,
				5CD0087C1FE8A6A200A653C2 /* HMURLSessionManager */,
				5CD008901FE8A6A200A653C2 /* ZLShareExtensionManager.h */,
				5CD008951FE8A6A200A653C2 /* ZLShareExtensionManager.m */,
				5CD008931FE8A6A200A653C2 /* ZLSharePackageEntry.h */,
				5CD008941FE8A6A200A653C2 /* ZLCompressUtils.h */,
				5CD008AE1FE90C4100A653C2 /* Category */,
			);
			path = ZLShareExtensionManager;
			sourceTree = "<group>";
		};
		5CD0087C1FE8A6A200A653C2 /* HMURLSessionManager */ = {
			isa = PBXGroup;
			children = (
				5CD0087D1FE8A6A200A653C2 /* HMUploadAdapter.h */,
				5CD0087E1FE8A6A200A653C2 /* HMURLSessionManger.h */,
				5CD0087F1FE8A6A200A653C2 /* HMUploadAdapter.m */,
				5CD008801FE8A6A200A653C2 /* Common */,
				5CD008881FE8A6A200A653C2 /* Model */,
				5CD0088F1FE8A6A200A653C2 /* HMURLSessionManger.m */,
			);
			path = HMURLSessionManager;
			sourceTree = "<group>";
		};
		5CD008801FE8A6A200A653C2 /* Common */ = {
			isa = PBXGroup;
			children = (
				5CD008811FE8A6A200A653C2 /* HMTaskTimer.m */,
				5CD008821FE8A6A200A653C2 /* Constaint.h */,
				5CD008831FE8A6A200A653C2 /* HMNetworkManager.m */,
				5CD008841FE8A6A200A653C2 /* HMPriorityQueue.m */,
				5CD008851FE8A6A200A653C2 /* HMTaskTimer.h */,
				5CD008861FE8A6A200A653C2 /* HMNetworkManager.h */,
				5CD008871FE8A6A200A653C2 /* HMPriorityQueue.h */,
			);
			path = Common;
			sourceTree = "<group>";
		};
		5CD008881FE8A6A200A653C2 /* Model */ = {
			isa = PBXGroup;
			children = (
				5CD008891FE8A6A200A653C2 /* HMURLUploadCallbackEntry.m */,
				5CD0088A1FE8A6A200A653C2 /* HMURLUploadCompletionEntity.h */,
				5CD0088B1FE8A6A200A653C2 /* HMURLUploadTask.h */,
				5CD0088C1FE8A6A200A653C2 /* HMURLUploadTask.m */,
				5CD0088D1FE8A6A200A653C2 /* HMURLUploadCompletionEntity.m */,
				5CD0088E1FE8A6A200A653C2 /* HMURLUploadCallbackEntry.h */,
			);
			path = Model;
			sourceTree = "<group>";
		};
		5CD008AE1FE90C4100A653C2 /* Category */ = {
			isa = PBXGroup;
			children = (
				5CD008AF1FE90C6600A653C2 /* ZLShareExtensionManager_Image.h */,
				5CD008B01FE90C6600A653C2 /* ZLShareExtensionManager_Image.m */,
			);
			path = Category;
			sourceTree = "<group>";
		};
/* End PBXGroup section */

/* Begin PBXNativeTarget section */
		5C8A70CD1FE276100064BB0E /* ZaloShare */ = {
			isa = PBXNativeTarget;
			buildConfigurationList = 5C8A70EF1FE276100064BB0E /* Build configuration list for PBXNativeTarget "ZaloShare" */;
			buildPhases = (
				5C8A70CA1FE276100064BB0E /* Sources */,
				5C8A70CB1FE276100064BB0E /* Frameworks */,
				5C8A70CC1FE276100064BB0E /* Resources */,
				5C8A71A41FE279630064BB0E /* Embed App Extensions */,
			);
			buildRules = (
			);
			dependencies = (
				5C8A719F1FE279630064BB0E /* PBXTargetDependency */,
			);
			name = ZaloShare;
			productName = ZaloShare;
			productReference = 5C8A70CE1FE276100064BB0E /* ZaloShare.app */;
			productType = "com.apple.product-type.application";
		};
		5C8A70E51FE276100064BB0E /* ZaloShareTests */ = {
			isa = PBXNativeTarget;
			buildConfigurationList = 5C8A70F21FE276100064BB0E /* Build configuration list for PBXNativeTarget "ZaloShareTests" */;
			buildPhases = (
				5C8A70E21FE276100064BB0E /* Sources */,
				5C8A70E31FE276100064BB0E /* Frameworks */,
				5C8A70E41FE276100064BB0E /* Resources */,
			);
			buildRules = (
			);
			dependencies = (
				5C8A70E81FE276100064BB0E /* PBXTargetDependency */,
			);
			name = ZaloShareTests;
			productName = ZaloShareTests;
			productReference = 5C8A70E61FE276100064BB0E /* ZaloShareTests.xctest */;
			productType = "com.apple.product-type.bundle.unit-test";
		};
		5C8A71941FE279630064BB0E /* ShareExtension */ = {
			isa = PBXNativeTarget;
			buildConfigurationList = 5C8A71A11FE279630064BB0E /* Build configuration list for PBXNativeTarget "ShareExtension" */;
			buildPhases = (
				5C8A71911FE279630064BB0E /* Sources */,
				5C8A71921FE279630064BB0E /* Frameworks */,
				5C8A71931FE279630064BB0E /* Resources */,
			);
			buildRules = (
			);
			dependencies = (
			);
			name = ShareExtension;
			productName = ShareExtension;
			productReference = 5C8A71951FE279630064BB0E /* ShareExtension.appex */;
			productType = "com.apple.product-type.app-extension";
		};
/* End PBXNativeTarget section */

/* Begin PBXProject section */
		5C8A70C61FE276100064BB0E /* Project object */ = {
			isa = PBXProject;
			attributes = {
				LastUpgradeCheck = 0910;
				ORGANIZATIONNAME = "Nhữ Duy Đoàn";
				TargetAttributes = {
					5C8A70CD1FE276100064BB0E = {
						CreatedOnToolsVersion = 9.1;
						ProvisioningStyle = Automatic;
						SystemCapabilities = {
							com.apple.ApplicationGroups.iOS = {
								enabled = 1;
							};
						};
					};
					5C8A70E51FE276100064BB0E = {
						CreatedOnToolsVersion = 9.1;
						ProvisioningStyle = Automatic;
						TestTargetID = 5C8A70CD1FE276100064BB0E;
					};
					5C8A71941FE279630064BB0E = {
						CreatedOnToolsVersion = 9.1;
						ProvisioningStyle = Automatic;
						SystemCapabilities = {
							com.apple.ApplicationGroups.iOS = {
								enabled = 1;
							};
						};
					};
				};
			};
			buildConfigurationList = 5C8A70C91FE276100064BB0E /* Build configuration list for PBXProject "ZaloShare" */;
			compatibilityVersion = "Xcode 8.0";
			developmentRegion = en;
			hasScannedForEncodings = 0;
			knownRegions = (
				en,
				Base,
			);
			mainGroup = 5C8A70C51FE276100064BB0E;
			productRefGroup = 5C8A70CF1FE276100064BB0E /* Products */;
			projectDirPath = "";
			projectRoot = "";
			targets = (
				5C8A70CD1FE276100064BB0E /* ZaloShare */,
				5C8A70E51FE276100064BB0E /* ZaloShareTests */,
				5C8A71941FE279630064BB0E /* ShareExtension */,
			);
		};
/* End PBXProject section */

/* Begin PBXResourcesBuildPhase section */
		5C8A70CC1FE276100064BB0E /* Resources */ = {
			isa = PBXResourcesBuildPhase;
			buildActionMask = 2147483647;
			files = (
				5C04D5F61FE7E66A00644526 /* icon_cancel@3x.png in Resources */,
				5C4B478A1FE3B51A0066776C /* icon_friend@3x.png in Resources */,
				5C8A70DE1FE276100064BB0E /* LaunchScreen.storyboard in Resources */,
				5C4B478C1FE3B51A0066776C /* icon_friend.png in Resources */,
				5C85E6491FE77723001AFDA9 /* icon_search.png in Resources */,
				5C8A70DB1FE276100064BB0E /* Assets.xcassets in Resources */,
				5C4B478E1FE3B51A0066776C /* icon_friend@2x.png in Resources */,
				5C85E6451FE77723001AFDA9 /* icon_search@2x.png in Resources */,
				5C85E6471FE77723001AFDA9 /* icon_search@3x.png in Resources */,
				5C04D5F41FE7E66A00644526 /* icon_cancel.png in Resources */,
				5C85E63F1FE76BC1001AFDA9 /* icon_clear.png in Resources */,
				5C85E6401FE76BC1001AFDA9 /* icon_clear@2x.png in Resources */,
				5C04D5F21FE7E66A00644526 /* icon_cancel@2x.png in Resources */,
				5C85E6411FE76BC1001AFDA9 /* icon_clear@3x.png in Resources */,
				5C4B479A1FE3B51A0066776C /* DXShowPickedCollectionViewCell.xib in Resources */,
			);
			runOnlyForDeploymentPostprocessing = 0;
		};
		5C8A70E41FE276100064BB0E /* Resources */ = {
			isa = PBXResourcesBuildPhase;
			buildActionMask = 2147483647;
			files = (
			);
			runOnlyForDeploymentPostprocessing = 0;
		};
		5C8A71931FE279630064BB0E /* Resources */ = {
			isa = PBXResourcesBuildPhase;
			buildActionMask = 2147483647;
			files = (
				5C04D5F51FE7E66A00644526 /* icon_cancel.png in Resources */,
				5C85E64A1FE77723001AFDA9 /* icon_search.png in Resources */,
				5C85E6341FE76B81001AFDA9 /* icon_clear.png in Resources */,
				5C85E6461FE77723001AFDA9 /* icon_search@2x.png in Resources */,
				5C4B478B1FE3B51A0066776C /* icon_friend@3x.png in Resources */,
				5C8A719C1FE279630064BB0E /* MainInterface.storyboard in Resources */,
				5C04D5F31FE7E66A00644526 /* icon_cancel@2x.png in Resources */,
				5C85E6481FE77723001AFDA9 /* icon_search@3x.png in Resources */,
				5C04D5F71FE7E66A00644526 /* icon_cancel@3x.png in Resources */,
				5C4B478D1FE3B51A0066776C /* icon_friend.png in Resources */,
				5C4B479B1FE3B51A0066776C /* DXShowPickedCollectionViewCell.xib in Resources */,
				5C85E6351FE76B81001AFDA9 /* icon_clear@2x.png in Resources */,
				5C85E6331FE76B81001AFDA9 /* icon_clear@3x.png in Resources */,
				5C4B478F1FE3B51A0066776C /* icon_friend@2x.png in Resources */,
			);
			runOnlyForDeploymentPostprocessing = 0;
		};
/* End PBXResourcesBuildPhase section */

/* Begin PBXSourcesBuildPhase section */
		5C8A70CA1FE276100064BB0E /* Sources */ = {
			isa = PBXSourcesBuildPhase;
			buildActionMask = 2147483647;
			files = (
				5CD008A01FE8A6A200A653C2 /* HMPriorityQueue.m in Sources */,
				5C4B47881FE3B51A0066776C /* DXContactModel.m in Sources */,
				5C4B47861FE3B51A0066776C /* DXConversationModel.m in Sources */,
				5CD008AA1FE8A6A200A653C2 /* ZLSharePackage.m in Sources */,
				5C4B47921FE3B51A0066776C /* DXPickFriendsViewController.m in Sources */,
				5C85E64E1FE79EB2001AFDA9 /* EditPostViewController.m in Sources */,
				5C4B47B21FE3BCBA0066776C /* DXConversationTableViewCell.m in Sources */,
				5C4B47841FE3B51A0066776C /* DXImageManager.m in Sources */,
				5CD008A61FE8A6A200A653C2 /* HMURLUploadCompletionEntity.m in Sources */,
				5C4B47901FE3B51A0066776C /* DXShareNavigationController.m in Sources */,
				5CD0089C1FE8A6A200A653C2 /* HMTaskTimer.m in Sources */,
				5C8A70E11FE276100064BB0E /* main.m in Sources */,
				5CD0089E1FE8A6A200A653C2 /* HMNetworkManager.m in Sources */,
				5C4B47B71FE3BDD70066776C /* ZLUpLoadingViewController.m in Sources */,
				5C4B479C1FE3B51A0066776C /* DXShowPickedCollectionViewCell.m in Sources */,
				5CD008A21FE8A6A200A653C2 /* HMURLUploadCallbackEntry.m in Sources */,
				5C4B47981FE3B51A0066776C /* DXPickContactTableViewCell.m in Sources */,
				5CD008981FE8A6A200A653C2 /* ZLSharePackageEntry.m in Sources */,
				5C4B47B01FE3BCBA0066776C /* DXConversationSearchResultViewController.m in Sources */,
				5CD0089A1FE8A6A200A653C2 /* HMUploadAdapter.m in Sources */,
				5C4B47821FE3B51A0066776C /* DXConversationManager.m in Sources */,
				5C4B47961FE3B51A0066776C /* DXShowPickedViewController.m in Sources */,
				5CD008A81FE8A6A200A653C2 /* HMURLSessionManger.m in Sources */,
				5CD008961FE8A6A200A653C2 /* ZLCompressUtils.m in Sources */,
				5C8A70D31FE276100064BB0E /* AppDelegate.m in Sources */,
				5C4B47AE1FE3BCBA0066776C /* ZLPickConversationViewController.m in Sources */,
				5C4B479E1FE3B51A0066776C /* DXResultSearchViewController.m in Sources */,
				5CD008A41FE8A6A200A653C2 /* HMURLUploadTask.m in Sources */,
				5C4B47941FE3B51A0066776C /* DXPickContactsViewController.m in Sources */,
				5CD008AC1FE8A6A200A653C2 /* ZLShareExtensionManager.m in Sources */,
			);
			runOnlyForDeploymentPostprocessing = 0;
		};
		5C8A70E21FE276100064BB0E /* Sources */ = {
			isa = PBXSourcesBuildPhase;
			buildActionMask = 2147483647;
			files = (
				5C8A70EB1FE276100064BB0E /* ZaloShareTests.m in Sources */,
			);
			runOnlyForDeploymentPostprocessing = 0;
		};
		5C8A71911FE279630064BB0E /* Sources */ = {
			isa = PBXSourcesBuildPhase;
			buildActionMask = 2147483647;
			files = (
				5CD008AB1FE8A6A200A653C2 /* ZLSharePackage.m in Sources */,
				5C4B47B81FE3BDD70066776C /* ZLUpLoadingViewController.m in Sources */,
				5CD008A31FE8A6A200A653C2 /* HMURLUploadCallbackEntry.m in Sources */,
				5C4B47831FE3B51A0066776C /* DXConversationManager.m in Sources */,
				5C4B47891FE3B51A0066776C /* DXContactModel.m in Sources */,
				5CD0089D1FE8A6A200A653C2 /* HMTaskTimer.m in Sources */,
				5CD008AD1FE8A6A200A653C2 /* ZLShareExtensionManager.m in Sources */,
				5CD008A11FE8A6A200A653C2 /* HMPriorityQueue.m in Sources */,
				5CD008971FE8A6A200A653C2 /* ZLCompressUtils.m in Sources */,
				5CD008A51FE8A6A200A653C2 /* HMURLUploadTask.m in Sources */,
				5CD008A91FE8A6A200A653C2 /* HMURLSessionManger.m in Sources */,
				5CD0089F1FE8A6A200A653C2 /* HMNetworkManager.m in Sources */,
				5C4B47911FE3B51A0066776C /* DXShareNavigationController.m in Sources */,
				5C4B47951FE3B51A0066776C /* DXPickContactsViewController.m in Sources */,
				5C4B47B11FE3BCBA0066776C /* DXConversationSearchResultViewController.m in Sources */,
				5CD0089B1FE8A6A200A653C2 /* HMUploadAdapter.m in Sources */,
				5C4B47851FE3B51A0066776C /* DXImageManager.m in Sources */,
				5C8A71991FE279630064BB0E /* ShareRootViewController.m in Sources */,
				5C4B47AF1FE3BCBA0066776C /* ZLPickConversationViewController.m in Sources */,
				5C4B47871FE3B51A0066776C /* DXConversationModel.m in Sources */,
				5C4B47991FE3B51A0066776C /* DXPickContactTableViewCell.m in Sources */,
				5C4B47971FE3B51A0066776C /* DXShowPickedViewController.m in Sources */,
				5C4B479F1FE3B51A0066776C /* DXResultSearchViewController.m in Sources */,
				5CD008991FE8A6A200A653C2 /* ZLSharePackageEntry.m in Sources */,
				5C4B47B31FE3BCBA0066776C /* DXConversationTableViewCell.m in Sources */,
				5CD008A71FE8A6A200A653C2 /* HMURLUploadCompletionEntity.m in Sources */,
				5C4B479D1FE3B51A0066776C /* DXShowPickedCollectionViewCell.m in Sources */,
				5C4B47931FE3B51A0066776C /* DXPickFriendsViewController.m in Sources */,
				5C85E64F1FE79EB2001AFDA9 /* EditPostViewController.m in Sources */,
				5CD008B11FE90C6600A653C2 /* ZLShareExtensionManager_Image.m in Sources */,
			);
			runOnlyForDeploymentPostprocessing = 0;
		};
/* End PBXSourcesBuildPhase section */

/* Begin PBXTargetDependency section */
		5C8A70E81FE276100064BB0E /* PBXTargetDependency */ = {
			isa = PBXTargetDependency;
			target = 5C8A70CD1FE276100064BB0E /* ZaloShare */;
			targetProxy = 5C8A70E71FE276100064BB0E /* PBXContainerItemProxy */;
		};
		5C8A719F1FE279630064BB0E /* PBXTargetDependency */ = {
			isa = PBXTargetDependency;
			target = 5C8A71941FE279630064BB0E /* ShareExtension */;
			targetProxy = 5C8A719E1FE279630064BB0E /* PBXContainerItemProxy */;
		};
/* End PBXTargetDependency section */

/* Begin PBXVariantGroup section */
		5C8A70DC1FE276100064BB0E /* LaunchScreen.storyboard */ = {
			isa = PBXVariantGroup;
			children = (
				5C8A70DD1FE276100064BB0E /* Base */,
			);
			name = LaunchScreen.storyboard;
			sourceTree = "<group>";
		};
		5C8A719A1FE279630064BB0E /* MainInterface.storyboard */ = {
			isa = PBXVariantGroup;
			children = (
				5C8A719B1FE279630064BB0E /* Base */,
			);
			name = MainInterface.storyboard;
			sourceTree = "<group>";
		};
/* End PBXVariantGroup section */

/* Begin XCBuildConfiguration section */
		5C8A70ED1FE276100064BB0E /* Debug */ = {
			isa = XCBuildConfiguration;
			buildSettings = {
				ALWAYS_SEARCH_USER_PATHS = NO;
				CLANG_ANALYZER_NONNULL = YES;
				CLANG_ANALYZER_NUMBER_OBJECT_CONVERSION = YES_AGGRESSIVE;
				CLANG_CXX_LANGUAGE_STANDARD = "gnu++14";
				CLANG_CXX_LIBRARY = "libc++";
				CLANG_ENABLE_MODULES = YES;
				CLANG_ENABLE_OBJC_ARC = YES;
				CLANG_WARN_BLOCK_CAPTURE_AUTORELEASING = YES;
				CLANG_WARN_BOOL_CONVERSION = YES;
				CLANG_WARN_COMMA = YES;
				CLANG_WARN_CONSTANT_CONVERSION = YES;
				CLANG_WARN_DIRECT_OBJC_ISA_USAGE = YES_ERROR;
				CLANG_WARN_DOCUMENTATION_COMMENTS = YES;
				CLANG_WARN_EMPTY_BODY = YES;
				CLANG_WARN_ENUM_CONVERSION = YES;
				CLANG_WARN_INFINITE_RECURSION = YES;
				CLANG_WARN_INT_CONVERSION = YES;
				CLANG_WARN_NON_LITERAL_NULL_CONVERSION = YES;
				CLANG_WARN_OBJC_LITERAL_CONVERSION = YES;
				CLANG_WARN_OBJC_ROOT_CLASS = YES_ERROR;
				CLANG_WARN_RANGE_LOOP_ANALYSIS = YES;
				CLANG_WARN_STRICT_PROTOTYPES = YES;
				CLANG_WARN_SUSPICIOUS_MOVE = YES;
				CLANG_WARN_UNGUARDED_AVAILABILITY = YES_AGGRESSIVE;
				CLANG_WARN_UNREACHABLE_CODE = YES;
				CLANG_WARN__DUPLICATE_METHOD_MATCH = YES;
				CODE_SIGN_IDENTITY = "iPhone Developer";
				COPY_PHASE_STRIP = NO;
				DEBUG_INFORMATION_FORMAT = dwarf;
				ENABLE_STRICT_OBJC_MSGSEND = YES;
				ENABLE_TESTABILITY = YES;
				GCC_C_LANGUAGE_STANDARD = gnu11;
				GCC_DYNAMIC_NO_PIC = NO;
				GCC_NO_COMMON_BLOCKS = YES;
				GCC_OPTIMIZATION_LEVEL = 0;
				GCC_PREPROCESSOR_DEFINITIONS = (
					"DEBUG=1",
					"$(inherited)",
				);
				GCC_WARN_64_TO_32_BIT_CONVERSION = YES;
				GCC_WARN_ABOUT_RETURN_TYPE = YES_ERROR;
				GCC_WARN_UNDECLARED_SELECTOR = YES;
				GCC_WARN_UNINITIALIZED_AUTOS = YES_AGGRESSIVE;
				GCC_WARN_UNUSED_FUNCTION = YES;
				GCC_WARN_UNUSED_VARIABLE = YES;
				IPHONEOS_DEPLOYMENT_TARGET = 9.1;
				MTL_ENABLE_DEBUG_INFO = YES;
				ONLY_ACTIVE_ARCH = YES;
				SDKROOT = iphoneos;
			};
			name = Debug;
		};
		5C8A70EE1FE276100064BB0E /* Release */ = {
			isa = XCBuildConfiguration;
			buildSettings = {
				ALWAYS_SEARCH_USER_PATHS = NO;
				CLANG_ANALYZER_NONNULL = YES;
				CLANG_ANALYZER_NUMBER_OBJECT_CONVERSION = YES_AGGRESSIVE;
				CLANG_CXX_LANGUAGE_STANDARD = "gnu++14";
				CLANG_CXX_LIBRARY = "libc++";
				CLANG_ENABLE_MODULES = YES;
				CLANG_ENABLE_OBJC_ARC = YES;
				CLANG_WARN_BLOCK_CAPTURE_AUTORELEASING = YES;
				CLANG_WARN_BOOL_CONVERSION = YES;
				CLANG_WARN_COMMA = YES;
				CLANG_WARN_CONSTANT_CONVERSION = YES;
				CLANG_WARN_DIRECT_OBJC_ISA_USAGE = YES_ERROR;
				CLANG_WARN_DOCUMENTATION_COMMENTS = YES;
				CLANG_WARN_EMPTY_BODY = YES;
				CLANG_WARN_ENUM_CONVERSION = YES;
				CLANG_WARN_INFINITE_RECURSION = YES;
				CLANG_WARN_INT_CONVERSION = YES;
				CLANG_WARN_NON_LITERAL_NULL_CONVERSION = YES;
				CLANG_WARN_OBJC_LITERAL_CONVERSION = YES;
				CLANG_WARN_OBJC_ROOT_CLASS = YES_ERROR;
				CLANG_WARN_RANGE_LOOP_ANALYSIS = YES;
				CLANG_WARN_STRICT_PROTOTYPES = YES;
				CLANG_WARN_SUSPICIOUS_MOVE = YES;
				CLANG_WARN_UNGUARDED_AVAILABILITY = YES_AGGRESSIVE;
				CLANG_WARN_UNREACHABLE_CODE = YES;
				CLANG_WARN__DUPLICATE_METHOD_MATCH = YES;
				CODE_SIGN_IDENTITY = "iPhone Developer";
				COPY_PHASE_STRIP = NO;
				DEBUG_INFORMATION_FORMAT = "dwarf-with-dsym";
				ENABLE_NS_ASSERTIONS = NO;
				ENABLE_STRICT_OBJC_MSGSEND = YES;
				GCC_C_LANGUAGE_STANDARD = gnu11;
				GCC_NO_COMMON_BLOCKS = YES;
				GCC_WARN_64_TO_32_BIT_CONVERSION = YES;
				GCC_WARN_ABOUT_RETURN_TYPE = YES_ERROR;
				GCC_WARN_UNDECLARED_SELECTOR = YES;
				GCC_WARN_UNINITIALIZED_AUTOS = YES_AGGRESSIVE;
				GCC_WARN_UNUSED_FUNCTION = YES;
				GCC_WARN_UNUSED_VARIABLE = YES;
				IPHONEOS_DEPLOYMENT_TARGET = 9.1;
				MTL_ENABLE_DEBUG_INFO = NO;
				SDKROOT = iphoneos;
				VALIDATE_PRODUCT = YES;
			};
			name = Release;
		};
		5C8A70F01FE276100064BB0E /* Debug */ = {
			isa = XCBuildConfiguration;
			buildSettings = {
				ASSETCATALOG_COMPILER_APPICON_NAME = AppIcon;
				CODE_SIGN_ENTITLEMENTS = ZaloShare/ZaloShare.entitlements;
				"CODE_SIGN_IDENTITY[sdk=iphoneos*]" = "iPhone Developer";
				CODE_SIGN_STYLE = Automatic;
				DEVELOPMENT_TEAM = QZQXR3HEM8;
				INFOPLIST_FILE = ZaloShare/Info.plist;
				IPHONEOS_DEPLOYMENT_TARGET = 9.1;
				LD_RUNPATH_SEARCH_PATHS = "$(inherited) @executable_path/Frameworks";
				PRODUCT_BUNDLE_IDENTIFIER = com.nhuduydoan.ZaloShare;
				PRODUCT_NAME = "$(TARGET_NAME)";
				PROVISIONING_PROFILE_SPECIFIER = "";
				TARGETED_DEVICE_FAMILY = "1,2";
			};
			name = Debug;
		};
		5C8A70F11FE276100064BB0E /* Release */ = {
			isa = XCBuildConfiguration;
			buildSettings = {
				ASSETCATALOG_COMPILER_APPICON_NAME = AppIcon;
				CODE_SIGN_ENTITLEMENTS = ZaloShare/ZaloShare.entitlements;
				"CODE_SIGN_IDENTITY[sdk=iphoneos*]" = "iPhone Developer";
				CODE_SIGN_STYLE = Automatic;
				DEVELOPMENT_TEAM = QZQXR3HEM8;
				INFOPLIST_FILE = ZaloShare/Info.plist;
				IPHONEOS_DEPLOYMENT_TARGET = 9.1;
				LD_RUNPATH_SEARCH_PATHS = "$(inherited) @executable_path/Frameworks";
				PRODUCT_BUNDLE_IDENTIFIER = com.nhuduydoan.ZaloShare;
				PRODUCT_NAME = "$(TARGET_NAME)";
				PROVISIONING_PROFILE_SPECIFIER = "";
				TARGETED_DEVICE_FAMILY = "1,2";
			};
			name = Release;
		};
		5C8A70F31FE276100064BB0E /* Debug */ = {
			isa = XCBuildConfiguration;
			buildSettings = {
				BUNDLE_LOADER = "$(TEST_HOST)";
				CODE_SIGN_STYLE = Automatic;
				DEVELOPMENT_TEAM = QZQXR3HEM8;
				INFOPLIST_FILE = ZaloShareTests/Info.plist;
				LD_RUNPATH_SEARCH_PATHS = "$(inherited) @executable_path/Frameworks @loader_path/Frameworks";
				PRODUCT_BUNDLE_IDENTIFIER = com.nhuduydoan.ZaloShareTests;
				PRODUCT_NAME = "$(TARGET_NAME)";
				TARGETED_DEVICE_FAMILY = "1,2";
				TEST_HOST = "$(BUILT_PRODUCTS_DIR)/ZaloShare.app/ZaloShare";
			};
			name = Debug;
		};
		5C8A70F41FE276100064BB0E /* Release */ = {
			isa = XCBuildConfiguration;
			buildSettings = {
				BUNDLE_LOADER = "$(TEST_HOST)";
				CODE_SIGN_STYLE = Automatic;
				DEVELOPMENT_TEAM = QZQXR3HEM8;
				INFOPLIST_FILE = ZaloShareTests/Info.plist;
				LD_RUNPATH_SEARCH_PATHS = "$(inherited) @executable_path/Frameworks @loader_path/Frameworks";
				PRODUCT_BUNDLE_IDENTIFIER = com.nhuduydoan.ZaloShareTests;
				PRODUCT_NAME = "$(TARGET_NAME)";
				TARGETED_DEVICE_FAMILY = "1,2";
				TEST_HOST = "$(BUILT_PRODUCTS_DIR)/ZaloShare.app/ZaloShare";
			};
			name = Release;
		};
		5C8A71A21FE279630064BB0E /* Debug */ = {
			isa = XCBuildConfiguration;
			buildSettings = {
				CODE_SIGN_ENTITLEMENTS = ShareExtension/ShareExtension.entitlements;
				CODE_SIGN_STYLE = Automatic;
				DEVELOPMENT_TEAM = QZQXR3HEM8;
				INFOPLIST_FILE = ShareExtension/Info.plist;
				IPHONEOS_DEPLOYMENT_TARGET = 9.1;
				LD_RUNPATH_SEARCH_PATHS = "$(inherited) @executable_path/Frameworks @executable_path/../../Frameworks";
				PRODUCT_BUNDLE_IDENTIFIER = com.nhuduydoan.ZaloShare.ShareExtension;
				PRODUCT_NAME = "$(TARGET_NAME)";
				SKIP_INSTALL = YES;
				TARGETED_DEVICE_FAMILY = "1,2";
			};
			name = Debug;
		};
		5C8A71A31FE279630064BB0E /* Release */ = {
			isa = XCBuildConfiguration;
			buildSettings = {
				CODE_SIGN_ENTITLEMENTS = ShareExtension/ShareExtension.entitlements;
				CODE_SIGN_STYLE = Automatic;
				DEVELOPMENT_TEAM = QZQXR3HEM8;
				INFOPLIST_FILE = ShareExtension/Info.plist;
				IPHONEOS_DEPLOYMENT_TARGET = 9.1;
				LD_RUNPATH_SEARCH_PATHS = "$(inherited) @executable_path/Frameworks @executable_path/../../Frameworks";
				PRODUCT_BUNDLE_IDENTIFIER = com.nhuduydoan.ZaloShare.ShareExtension;
				PRODUCT_NAME = "$(TARGET_NAME)";
				SKIP_INSTALL = YES;
				TARGETED_DEVICE_FAMILY = "1,2";
			};
			name = Release;
		};
/* End XCBuildConfiguration section */

/* Begin XCConfigurationList section */
		5C8A70C91FE276100064BB0E /* Build configuration list for PBXProject "ZaloShare" */ = {
			isa = XCConfigurationList;
			buildConfigurations = (
				5C8A70ED1FE276100064BB0E /* Debug */,
				5C8A70EE1FE276100064BB0E /* Release */,
			);
			defaultConfigurationIsVisible = 0;
			defaultConfigurationName = Release;
		};
		5C8A70EF1FE276100064BB0E /* Build configuration list for PBXNativeTarget "ZaloShare" */ = {
			isa = XCConfigurationList;
			buildConfigurations = (
				5C8A70F01FE276100064BB0E /* Debug */,
				5C8A70F11FE276100064BB0E /* Release */,
			);
			defaultConfigurationIsVisible = 0;
			defaultConfigurationName = Release;
		};
		5C8A70F21FE276100064BB0E /* Build configuration list for PBXNativeTarget "ZaloShareTests" */ = {
			isa = XCConfigurationList;
			buildConfigurations = (
				5C8A70F31FE276100064BB0E /* Debug */,
				5C8A70F41FE276100064BB0E /* Release */,
			);
			defaultConfigurationIsVisible = 0;
			defaultConfigurationName = Release;
		};
		5C8A71A11FE279630064BB0E /* Build configuration list for PBXNativeTarget "ShareExtension" */ = {
			isa = XCConfigurationList;
			buildConfigurations = (
				5C8A71A21FE279630064BB0E /* Debug */,
				5C8A71A31FE279630064BB0E /* Release */,
			);
			defaultConfigurationIsVisible = 0;
			defaultConfigurationName = Release;
		};
/* End XCConfigurationList section */
	};
	rootObject = 5C8A70C61FE276100064BB0E /* Project object */;
}
